
Microsoft Visual Studio Solution File, Format Version 12.00
# Visual Studio Version 17
VisualStudioVersion = 17.1.32228.430
MinimumVisualStudioVersion = 10.0.40219.1
Project("{FAE04EC0-301F-11D3-BF4B-00C04F79EFBC}") = "TareaInterfaz", "TareaInterfaz\TareaInterfaz.csproj", "{80BBB3AD-354A-42FB-ABA8-B341A64F246B}"
EndProject
Global
	GlobalSection(SolutionConfigurationPlatforms) = preSolution
		Debug|Any CPU = Debug|Any CPU
		Release|Any CPU = Release|Any CPU
	EndGlobalSection
	GlobalSection(ProjectConfigurationPlatforms) = postSolution
		{80BBB3AD-354A-42FB-ABA8-B341A64F246B}.Debug|Any CPU.ActiveCfg = Debug|Any CPU
		{80BBB3AD-354A-42FB-ABA8-B341A64F246B}.Debug|Any CPU.Build.0 = Debug|Any CPU
		{80BBB3AD-354A-42FB-ABA8-B341A64F246B}.Release|Any CPU.ActiveCfg = Release|Any CPU
		{80BBB3AD-354A-42FB-ABA8-B341A64F246B}.Release|Any CPU.Build.0 = Release|Any CPU
	EndGlobalSection
	GlobalSection(SolutionProperties) = preSolution
		HideSolutionNode = FALSE
	EndGlobalSection
	GlobalSection(ExtensibilityGlobals) = postSolution
		SolutionGuid = {11A84BE2-7154-4344-AC5B-A700071EA3CF}
	EndGlobalSection
EndGlobal
